# This file is automatically @generated by Cargo.
# It is not intended for manual editing.
version = 4

[[package]]
name = "varda-core"
version = "0.1.0"

[[package]]
name = "varda-daemon"
version = "0.1.0"

[[package]]
name = "varda-node"
version = "0.1.0"

[[package]]
name = "varda-tui"
version = "0.1.0"
